// !$*UTF8*$!
{
	archiveVersion = 1;
	classes = {
	};
	objectVersion = 50;
	objects = {

/* Begin PBXBuildFile section */
		F04F2F09210B0D710052BB27 /* AppDelegate.swift in Sources */ = {isa = PBXBuildFile; fileRef = F04F2F08210B0D710052BB27 /* AppDelegate.swift */; };
		F04F2F0E210B0D720052BB27 /* Main.storyboard in Resources */ = {isa = PBXBuildFile; fileRef = F04F2F0C210B0D720052BB27 /* Main.storyboard */; };
		F04F2F10210B0D730052BB27 /* Assets.xcassets in Resources */ = {isa = PBXBuildFile; fileRef = F04F2F0F210B0D730052BB27 /* Assets.xcassets */; };
		F04F2F13210B0D730052BB27 /* LaunchScreen.storyboard in Resources */ = {isa = PBXBuildFile; fileRef = F04F2F11210B0D730052BB27 /* LaunchScreen.storyboard */; };
		F04F2F1E210B0D730052BB27 /* MijnEPDTestTests.swift in Sources */ = {isa = PBXBuildFile; fileRef = F04F2F1D210B0D730052BB27 /* MijnEPDTestTests.swift */; };
		F04F2F29210B0D730052BB27 /* MijnEPDTestUITests.swift in Sources */ = {isa = PBXBuildFile; fileRef = F04F2F28210B0D730052BB27 /* MijnEPDTestUITests.swift */; };
		F04F2F7B211609380052BB27 /* ListOfSpecialismsViewController.swift in Sources */ = {isa = PBXBuildFile; fileRef = F04F2F7A211609380052BB27 /* ListOfSpecialismsViewController.swift */; };
		F04F2F7D21161A800052BB27 /* SpecialismCell.swift in Sources */ = {isa = PBXBuildFile; fileRef = F04F2F7C21161A7F0052BB27 /* SpecialismCell.swift */; };
		F04F2F7F21161C9B0052BB27 /* Specialism.swift in Sources */ = {isa = PBXBuildFile; fileRef = F04F2F7E21161C9B0052BB27 /* Specialism.swift */; };
		F04F2F8121163F280052BB27 /* FolderCell.swift in Sources */ = {isa = PBXBuildFile; fileRef = F04F2F8021163F280052BB27 /* FolderCell.swift */; };
		F04F2F832116442E0052BB27 /* FolderClass.swift in Sources */ = {isa = PBXBuildFile; fileRef = F04F2F822116442E0052BB27 /* FolderClass.swift */; };
		F04F2F852116461C0052BB27 /* ListOfFoldersViewController.swift in Sources */ = {isa = PBXBuildFile; fileRef = F04F2F842116461C0052BB27 /* ListOfFoldersViewController.swift */; };
		F04F2F87211703CA0052BB27 /* DatabaseConnector.swift in Sources */ = {isa = PBXBuildFile; fileRef = F04F2F86211703CA0052BB27 /* DatabaseConnector.swift */; };
		F04F2F892118914F0052BB27 /* MyError.swift in Sources */ = {isa = PBXBuildFile; fileRef = F04F2F882118914F0052BB27 /* MyError.swift */; };
		F04F2F8B211990420052BB27 /* ToastMessage.swift in Sources */ = {isa = PBXBuildFile; fileRef = F04F2F8A211990420052BB27 /* ToastMessage.swift */; };
		F04F2F8F212DBAF70052BB27 /* ListOfDocumentsViewController.swift in Sources */ = {isa = PBXBuildFile; fileRef = F04F2F8E212DBAF70052BB27 /* ListOfDocumentsViewController.swift */; };
		F04F2F91212DBEBB0052BB27 /* DocumentCell.swift in Sources */ = {isa = PBXBuildFile; fileRef = F04F2F90212DBEBB0052BB27 /* DocumentCell.swift */; };
		F0EE1863213D4A1E002993A8 /* ISRadioButton.swift in Sources */ = {isa = PBXBuildFile; fileRef = F0EE185F213D4A1D002993A8 /* ISRadioButton.swift */; };
		F0EE1864213D4A1E002993A8 /* DLRadioButton.m in Sources */ = {isa = PBXBuildFile; fileRef = F0EE1860213D4A1D002993A8 /* DLRadioButton.m */; };
		F0EE1865213D4A1E002993A8 /* NewDocumentViewController.swift in Sources */ = {isa = PBXBuildFile; fileRef = F0EE1862213D4A1D002993A8 /* NewDocumentViewController.swift */; };
/* End PBXBuildFile section */

/* Begin PBXContainerItemProxy section */
		F04F2F1A210B0D730052BB27 /* PBXContainerItemProxy */ = {
			isa = PBXContainerItemProxy;
			containerPortal = F04F2EFD210B0D710052BB27 /* Project object */;
			proxyType = 1;
			remoteGlobalIDString = F04F2F04210B0D710052BB27;
			remoteInfo = MijnEPDTest;
		};
		F04F2F25210B0D730052BB27 /* PBXContainerItemProxy */ = {
			isa = PBXContainerItemProxy;
			containerPortal = F04F2EFD210B0D710052BB27 /* Project object */;
			proxyType = 1;
			remoteGlobalIDString = F04F2F04210B0D710052BB27;
			remoteInfo = MijnEPDTest;
		};
/* End PBXContainerItemProxy section */

/* Begin PBXFileReference section */
		F04F2F05210B0D710052BB27 /* MijnEPDTest.app */ = {isa = PBXFileReference; explicitFileType = wrapper.application; includeInIndex = 0; path = MijnEPDTest.app; sourceTree = BUILT_PRODUCTS_DIR; };
		F04F2F08210B0D710052BB27 /* AppDelegate.swift */ = {isa = PBXFileReference; lastKnownFileType = sourcecode.swift; path = AppDelegate.swift; sourceTree = "<group>"; };
		F04F2F0D210B0D720052BB27 /* Base */ = {isa = PBXFileReference; lastKnownFileType = file.storyboard; name = Base; path = Base.lproj/Main.storyboard; sourceTree = "<group>"; };
		F04F2F0F210B0D730052BB27 /* Assets.xcassets */ = {isa = PBXFileReference; lastKnownFileType = folder.assetcatalog; path = Assets.xcassets; sourceTree = "<group>"; };
		F04F2F12210B0D730052BB27 /* Base */ = {isa = PBXFileReference; lastKnownFileType = file.storyboard; name = Base; path = Base.lproj/LaunchScreen.storyboard; sourceTree = "<group>"; };
		F04F2F14210B0D730052BB27 /* Info.plist */ = {isa = PBXFileReference; lastKnownFileType = text.plist.xml; path = Info.plist; sourceTree = "<group>"; };
		F04F2F19210B0D730052BB27 /* MijnEPDTestTests.xctest */ = {isa = PBXFileReference; explicitFileType = wrapper.cfbundle; includeInIndex = 0; path = MijnEPDTestTests.xctest; sourceTree = BUILT_PRODUCTS_DIR; };
		F04F2F1D210B0D730052BB27 /* MijnEPDTestTests.swift */ = {isa = PBXFileReference; lastKnownFileType = sourcecode.swift; path = MijnEPDTestTests.swift; sourceTree = "<group>"; };
		F04F2F1F210B0D730052BB27 /* Info.plist */ = {isa = PBXFileReference; lastKnownFileType = text.plist.xml; path = Info.plist; sourceTree = "<group>"; };
		F04F2F24210B0D730052BB27 /* MijnEPDTestUITests.xctest */ = {isa = PBXFileReference; explicitFileType = wrapper.cfbundle; includeInIndex = 0; path = MijnEPDTestUITests.xctest; sourceTree = BUILT_PRODUCTS_DIR; };
		F04F2F28210B0D730052BB27 /* MijnEPDTestUITests.swift */ = {isa = PBXFileReference; lastKnownFileType = sourcecode.swift; path = MijnEPDTestUITests.swift; sourceTree = "<group>"; };
		F04F2F2A210B0D730052BB27 /* Info.plist */ = {isa = PBXFileReference; lastKnownFileType = text.plist.xml; path = Info.plist; sourceTree = "<group>"; };
		F04F2F7A211609380052BB27 /* ListOfSpecialismsViewController.swift */ = {isa = PBXFileReference; lastKnownFileType = sourcecode.swift; path = ListOfSpecialismsViewController.swift; sourceTree = "<group>"; };
		F04F2F7C21161A7F0052BB27 /* SpecialismCell.swift */ = {isa = PBXFileReference; lastKnownFileType = sourcecode.swift; path = SpecialismCell.swift; sourceTree = "<group>"; };
		F04F2F7E21161C9B0052BB27 /* Specialism.swift */ = {isa = PBXFileReference; lastKnownFileType = sourcecode.swift; path = Specialism.swift; sourceTree = "<group>"; };
		F04F2F8021163F280052BB27 /* FolderCell.swift */ = {isa = PBXFileReference; lastKnownFileType = sourcecode.swift; path = FolderCell.swift; sourceTree = "<group>"; };
		F04F2F822116442E0052BB27 /* FolderClass.swift */ = {isa = PBXFileReference; lastKnownFileType = sourcecode.swift; path = FolderClass.swift; sourceTree = "<group>"; };
		F04F2F842116461C0052BB27 /* ListOfFoldersViewController.swift */ = {isa = PBXFileReference; lastKnownFileType = sourcecode.swift; path = ListOfFoldersViewController.swift; sourceTree = "<group>"; };
		F04F2F86211703CA0052BB27 /* DatabaseConnector.swift */ = {isa = PBXFileReference; lastKnownFileType = sourcecode.swift; path = DatabaseConnector.swift; sourceTree = "<group>"; };
		F04F2F882118914F0052BB27 /* MyError.swift */ = {isa = PBXFileReference; lastKnownFileType = sourcecode.swift; path = MyError.swift; sourceTree = "<group>"; };
		F04F2F8A211990420052BB27 /* ToastMessage.swift */ = {isa = PBXFileReference; lastKnownFileType = sourcecode.swift; path = ToastMessage.swift; sourceTree = "<group>"; };
		F04F2F8E212DBAF70052BB27 /* ListOfDocumentsViewController.swift */ = {isa = PBXFileReference; lastKnownFileType = sourcecode.swift; path = ListOfDocumentsViewController.swift; sourceTree = "<group>"; };
		F04F2F90212DBEBB0052BB27 /* DocumentCell.swift */ = {isa = PBXFileReference; lastKnownFileType = sourcecode.swift; path = DocumentCell.swift; sourceTree = "<group>"; };
		F0EE185E213D4A1C002993A8 /* MijnEPDTest-Bridging-Header.h */ = {isa = PBXFileReference; lastKnownFileType = sourcecode.c.h; path = "MijnEPDTest-Bridging-Header.h"; sourceTree = "<group>"; };
		F0EE185F213D4A1D002993A8 /* ISRadioButton.swift */ = {isa = PBXFileReference; fileEncoding = 4; lastKnownFileType = sourcecode.swift; name = ISRadioButton.swift; path = "../../../MijnEPD_IOS-functiesNoelTwee/MijnEPDTest/ISRadioButton.swift"; sourceTree = "<group>"; };
		F0EE1860213D4A1D002993A8 /* DLRadioButton.m */ = {isa = PBXFileReference; fileEncoding = 4; lastKnownFileType = sourcecode.c.objc; name = DLRadioButton.m; path = "../../../MijnEPD_IOS-functiesNoelTwee/MijnEPDTest/DLRadioButton.m"; sourceTree = "<group>"; };
		F0EE1861213D4A1D002993A8 /* DLRadioButton.h */ = {isa = PBXFileReference; fileEncoding = 4; lastKnownFileType = sourcecode.c.h; name = DLRadioButton.h; path = "../../../MijnEPD_IOS-functiesNoelTwee/MijnEPDTest/DLRadioButton.h"; sourceTree = "<group>"; };
		F0EE1862213D4A1D002993A8 /* NewDocumentViewController.swift */ = {isa = PBXFileReference; fileEncoding = 4; lastKnownFileType = sourcecode.swift; name = NewDocumentViewController.swift; path = "../../../MijnEPD_IOS-functiesNoelTwee/MijnEPDTest/NewDocumentViewController.swift"; sourceTree = "<group>"; };
/* End PBXFileReference section */

/* Begin PBXFrameworksBuildPhase section */
		F04F2F02210B0D710052BB27 /* Frameworks */ = {
			isa = PBXFrameworksBuildPhase;
			buildActionMask = 2147483647;
			files = (
			);
			runOnlyForDeploymentPostprocessing = 0;
		};
		F04F2F16210B0D730052BB27 /* Frameworks */ = {
			isa = PBXFrameworksBuildPhase;
			buildActionMask = 2147483647;
			files = (
			);
			runOnlyForDeploymentPostprocessing = 0;
		};
		F04F2F21210B0D730052BB27 /* Frameworks */ = {
			isa = PBXFrameworksBuildPhase;
			buildActionMask = 2147483647;
			files = (
			);
			runOnlyForDeploymentPostprocessing = 0;
		};
/* End PBXFrameworksBuildPhase section */

/* Begin PBXGroup section */
		F04F2EFC210B0D710052BB27 = {
			isa = PBXGroup;
			children = (
				F04F2F07210B0D710052BB27 /* MijnEPDTest */,
				F04F2F1C210B0D730052BB27 /* MijnEPDTestTests */,
				F04F2F27210B0D730052BB27 /* MijnEPDTestUITests */,
				F04F2F06210B0D710052BB27 /* Products */,
			);
			sourceTree = "<group>";
		};
		F04F2F06210B0D710052BB27 /* Products */ = {
			isa = PBXGroup;
			children = (
				F04F2F05210B0D710052BB27 /* MijnEPDTest.app */,
				F04F2F19210B0D730052BB27 /* MijnEPDTestTests.xctest */,
				F04F2F24210B0D730052BB27 /* MijnEPDTestUITests.xctest */,
			);
			name = Products;
			sourceTree = "<group>";
		};
		F04F2F07210B0D710052BB27 /* MijnEPDTest */ = {
			isa = PBXGroup;
			children = (
				F04F2F08210B0D710052BB27 /* AppDelegate.swift */,
				F04F2F0C210B0D720052BB27 /* Main.storyboard */,
				F0EE1861213D4A1D002993A8 /* DLRadioButton.h */,
				F0EE1860213D4A1D002993A8 /* DLRadioButton.m */,
				F0EE185F213D4A1D002993A8 /* ISRadioButton.swift */,
				F0EE1862213D4A1D002993A8 /* NewDocumentViewController.swift */,
				F04F2F86211703CA0052BB27 /* DatabaseConnector.swift */,
				F04F2F7A211609380052BB27 /* ListOfSpecialismsViewController.swift */,
				F04F2F842116461C0052BB27 /* ListOfFoldersViewController.swift */,
				F04F2F8E212DBAF70052BB27 /* ListOfDocumentsViewController.swift */,
				F04F2F7C21161A7F0052BB27 /* SpecialismCell.swift */,
				F04F2F8021163F280052BB27 /* FolderCell.swift */,
				F04F2F90212DBEBB0052BB27 /* DocumentCell.swift */,
				F04F2F7E21161C9B0052BB27 /* Specialism.swift */,
				F04F2F822116442E0052BB27 /* FolderClass.swift */,
				F04F2F0F210B0D730052BB27 /* Assets.xcassets */,
				F04F2F11210B0D730052BB27 /* LaunchScreen.storyboard */,
				F04F2F14210B0D730052BB27 /* Info.plist */,
				F04F2F882118914F0052BB27 /* MyError.swift */,
				F04F2F8A211990420052BB27 /* ToastMessage.swift */,
				F0EE185E213D4A1C002993A8 /* MijnEPDTest-Bridging-Header.h */,
			);
			path = MijnEPDTest;
			sourceTree = "<group>";
		};
		F04F2F1C210B0D730052BB27 /* MijnEPDTestTests */ = {
			isa = PBXGroup;
			children = (
				F04F2F1D210B0D730052BB27 /* MijnEPDTestTests.swift */,
				F04F2F1F210B0D730052BB27 /* Info.plist */,
			);
			path = MijnEPDTestTests;
			sourceTree = "<group>";
		};
		F04F2F27210B0D730052BB27 /* MijnEPDTestUITests */ = {
			isa = PBXGroup;
			children = (
				F04F2F28210B0D730052BB27 /* MijnEPDTestUITests.swift */,
				F04F2F2A210B0D730052BB27 /* Info.plist */,
			);
			path = MijnEPDTestUITests;
			sourceTree = "<group>";
		};
/* End PBXGroup section */

/* Begin PBXNativeTarget section */
		F04F2F04210B0D710052BB27 /* MijnEPDTest */ = {
			isa = PBXNativeTarget;
			buildConfigurationList = F04F2F2D210B0D730052BB27 /* Build configuration list for PBXNativeTarget "MijnEPDTest" */;
			buildPhases = (
				F04F2F01210B0D710052BB27 /* Sources */,
				F04F2F02210B0D710052BB27 /* Frameworks */,
				F04F2F03210B0D710052BB27 /* Resources */,
			);
			buildRules = (
			);
			dependencies = (
			);
			name = MijnEPDTest;
			productName = MijnEPDTest;
			productReference = F04F2F05210B0D710052BB27 /* MijnEPDTest.app */;
			productType = "com.apple.product-type.application";
		};
		F04F2F18210B0D730052BB27 /* MijnEPDTestTests */ = {
			isa = PBXNativeTarget;
			buildConfigurationList = F04F2F30210B0D730052BB27 /* Build configuration list for PBXNativeTarget "MijnEPDTestTests" */;
			buildPhases = (
				F04F2F15210B0D730052BB27 /* Sources */,
				F04F2F16210B0D730052BB27 /* Frameworks */,
				F04F2F17210B0D730052BB27 /* Resources */,
			);
			buildRules = (
			);
			dependencies = (
				F04F2F1B210B0D730052BB27 /* PBXTargetDependency */,
			);
			name = MijnEPDTestTests;
			productName = MijnEPDTestTests;
			productReference = F04F2F19210B0D730052BB27 /* MijnEPDTestTests.xctest */;
			productType = "com.apple.product-type.bundle.unit-test";
		};
		F04F2F23210B0D730052BB27 /* MijnEPDTestUITests */ = {
			isa = PBXNativeTarget;
			buildConfigurationList = F04F2F33210B0D730052BB27 /* Build configuration list for PBXNativeTarget "MijnEPDTestUITests" */;
			buildPhases = (
				F04F2F20210B0D730052BB27 /* Sources */,
				F04F2F21210B0D730052BB27 /* Frameworks */,
				F04F2F22210B0D730052BB27 /* Resources */,
			);
			buildRules = (
			);
			dependencies = (
				F04F2F26210B0D730052BB27 /* PBXTargetDependency */,
			);
			name = MijnEPDTestUITests;
			productName = MijnEPDTestUITests;
			productReference = F04F2F24210B0D730052BB27 /* MijnEPDTestUITests.xctest */;
			productType = "com.apple.product-type.bundle.ui-testing";
		};
/* End PBXNativeTarget section */

/* Begin PBXProject section */
		F04F2EFD210B0D710052BB27 /* Project object */ = {
			isa = PBXProject;
			attributes = {
				LastSwiftUpdateCheck = 0940;
				LastUpgradeCheck = 0940;
				ORGANIZATIONNAME = "Floor van Lieshout";
				TargetAttributes = {
					F04F2F04210B0D710052BB27 = {
						CreatedOnToolsVersion = 9.4.1;
						LastSwiftMigration = 0940;
					};
					F04F2F18210B0D730052BB27 = {
						CreatedOnToolsVersion = 9.4.1;
						TestTargetID = F04F2F04210B0D710052BB27;
					};
					F04F2F23210B0D730052BB27 = {
						CreatedOnToolsVersion = 9.4.1;
						TestTargetID = F04F2F04210B0D710052BB27;
					};
				};
			};
			buildConfigurationList = F04F2F00210B0D710052BB27 /* Build configuration list for PBXProject "MijnEPDTest" */;
			compatibilityVersion = "Xcode 9.3";
			developmentRegion = en;
			hasScannedForEncodings = 0;
			knownRegions = (
				en,
				Base,
			);
			mainGroup = F04F2EFC210B0D710052BB27;
			productRefGroup = F04F2F06210B0D710052BB27 /* Products */;
			projectDirPath = "";
			projectRoot = "";
			targets = (
				F04F2F04210B0D710052BB27 /* MijnEPDTest */,
				F04F2F18210B0D730052BB27 /* MijnEPDTestTests */,
				F04F2F23210B0D730052BB27 /* MijnEPDTestUITests */,
			);
		};
/* End PBXProject section */

/* Begin PBXResourcesBuildPhase section */
		F04F2F03210B0D710052BB27 /* Resources */ = {
			isa = PBXResourcesBuildPhase;
			buildActionMask = 2147483647;
			files = (
				F04F2F13210B0D730052BB27 /* LaunchScreen.storyboard in Resources */,
				F04F2F10210B0D730052BB27 /* Assets.xcassets in Resources */,
				F04F2F0E210B0D720052BB27 /* Main.storyboard in Resources */,
			);
			runOnlyForDeploymentPostprocessing = 0;
		};
		F04F2F17210B0D730052BB27 /* Resources */ = {
			isa = PBXResourcesBuildPhase;
			buildActionMask = 2147483647;
			files = (
			);
			runOnlyForDeploymentPostprocessing = 0;
		};
		F04F2F22210B0D730052BB27 /* Resources */ = {
			isa = PBXResourcesBuildPhase;
			buildActionMask = 2147483647;
			files = (
			);
			runOnlyForDeploymentPostprocessing = 0;
		};
/* End PBXResourcesBuildPhase section */

/* Begin PBXSourcesBuildPhase section */
		F04F2F01210B0D710052BB27 /* Sources */ = {
			isa = PBXSourcesBuildPhase;
			buildActionMask = 2147483647;
			files = (
				F04F2F91212DBEBB0052BB27 /* DocumentCell.swift in Sources */,
				F04F2F8B211990420052BB27 /* ToastMessage.swift in Sources */,
				F04F2F832116442E0052BB27 /* FolderClass.swift in Sources */,
				F04F2F7B211609380052BB27 /* ListOfSpecialismsViewController.swift in Sources */,
				F04F2F7F21161C9B0052BB27 /* Specialism.swift in Sources */,
				F04F2F09210B0D710052BB27 /* AppDelegate.swift in Sources */,
				F04F2F892118914F0052BB27 /* MyError.swift in Sources */,
				F04F2F8F212DBAF70052BB27 /* ListOfDocumentsViewController.swift in Sources */,
				F04F2F87211703CA0052BB27 /* DatabaseConnector.swift in Sources */,
				F0EE1864213D4A1E002993A8 /* DLRadioButton.m in Sources */,
				F0EE1863213D4A1E002993A8 /* ISRadioButton.swift in Sources */,
				F0EE1865213D4A1E002993A8 /* NewDocumentViewController.swift in Sources */,
				F04F2F7D21161A800052BB27 /* SpecialismCell.swift in Sources */,
				F04F2F8121163F280052BB27 /* FolderCell.swift in Sources */,
				F04F2F852116461C0052BB27 /* ListOfFoldersViewController.swift in Sources */,
			);
			runOnlyForDeploymentPostprocessing = 0;
		};
		F04F2F15210B0D730052BB27 /* Sources */ = {
			isa = PBXSourcesBuildPhase;
			buildActionMask = 2147483647;
			files = (
				F04F2F1E210B0D730052BB27 /* MijnEPDTestTests.swift in Sources */,
			);
			runOnlyForDeploymentPostprocessing = 0;
		};
		F04F2F20210B0D730052BB27 /* Sources */ = {
			isa = PBXSourcesBuildPhase;
			buildActionMask = 2147483647;
			files = (
				F04F2F29210B0D730052BB27 /* MijnEPDTestUITests.swift in Sources */,
			);
			runOnlyForDeploymentPostprocessing = 0;
		};
/* End PBXSourcesBuildPhase section */

/* Begin PBXTargetDependency section */
		F04F2F1B210B0D730052BB27 /* PBXTargetDependency */ = {
			isa = PBXTargetDependency;
			target = F04F2F04210B0D710052BB27 /* MijnEPDTest */;
			targetProxy = F04F2F1A210B0D730052BB27 /* PBXContainerItemProxy */;
		};
		F04F2F26210B0D730052BB27 /* PBXTargetDependency */ = {
			isa = PBXTargetDependency;
			target = F04F2F04210B0D710052BB27 /* MijnEPDTest */;
			targetProxy = F04F2F25210B0D730052BB27 /* PBXContainerItemProxy */;
		};
/* End PBXTargetDependency section */

/* Begin PBXVariantGroup section */
		F04F2F0C210B0D720052BB27 /* Main.storyboard */ = {
			isa = PBXVariantGroup;
			children = (
				F04F2F0D210B0D720052BB27 /* Base */,
			);
			name = Main.storyboard;
			sourceTree = "<group>";
		};
		F04F2F11210B0D730052BB27 /* LaunchScreen.storyboard */ = {
			isa = PBXVariantGroup;
			children = (
				F04F2F12210B0D730052BB27 /* Base */,
			);
			name = LaunchScreen.storyboard;
			sourceTree = "<group>";
		};
/* End PBXVariantGroup section */

/* Begin XCBuildConfiguration section */
		F04F2F2B210B0D730052BB27 /* Debug */ = {
			isa = XCBuildConfiguration;
			buildSettings = {
				ALWAYS_SEARCH_USER_PATHS = NO;
				CLANG_ANALYZER_NONNULL = YES;
				CLANG_ANALYZER_NUMBER_OBJECT_CONVERSION = YES_AGGRESSIVE;
				CLANG_CXX_LANGUAGE_STANDARD = "gnu++14";
				CLANG_CXX_LIBRARY = "libc++";
				CLANG_ENABLE_MODULES = YES;
				CLANG_ENABLE_OBJC_ARC = YES;
				CLANG_ENABLE_OBJC_WEAK = YES;
				CLANG_WARN_BLOCK_CAPTURE_AUTORELEASING = YES;
				CLANG_WARN_BOOL_CONVERSION = YES;
				CLANG_WARN_COMMA = YES;
				CLANG_WARN_CONSTANT_CONVERSION = YES;
				CLANG_WARN_DEPRECATED_OBJC_IMPLEMENTATIONS = YES;
				CLANG_WARN_DIRECT_OBJC_ISA_USAGE = YES_ERROR;
				CLANG_WARN_DOCUMENTATION_COMMENTS = YES;
				CLANG_WARN_EMPTY_BODY = YES;
				CLANG_WARN_ENUM_CONVERSION = YES;
				CLANG_WARN_INFINITE_RECURSION = YES;
				CLANG_WARN_INT_CONVERSION = YES;
				CLANG_WARN_NON_LITERAL_NULL_CONVERSION = YES;
				CLANG_WARN_OBJC_IMPLICIT_RETAIN_SELF = YES;
				CLANG_WARN_OBJC_LITERAL_CONVERSION = YES;
				CLANG_WARN_OBJC_ROOT_CLASS = YES_ERROR;
				CLANG_WARN_RANGE_LOOP_ANALYSIS = YES;
				CLANG_WARN_STRICT_PROTOTYPES = YES;
				CLANG_WARN_SUSPICIOUS_MOVE = YES;
				CLANG_WARN_UNGUARDED_AVAILABILITY = YES_AGGRESSIVE;
				CLANG_WARN_UNREACHABLE_CODE = YES;
				CLANG_WARN__DUPLICATE_METHOD_MATCH = YES;
				CODE_SIGN_IDENTITY = "iPhone Developer";
				COPY_PHASE_STRIP = NO;
				DEBUG_INFORMATION_FORMAT = dwarf;
				ENABLE_STRICT_OBJC_MSGSEND = YES;
				ENABLE_TESTABILITY = YES;
				GCC_C_LANGUAGE_STANDARD = gnu11;
				GCC_DYNAMIC_NO_PIC = NO;
				GCC_NO_COMMON_BLOCKS = YES;
				GCC_OPTIMIZATION_LEVEL = 0;
				GCC_PREPROCESSOR_DEFINITIONS = (
					"DEBUG=1",
					"$(inherited)",
				);
				GCC_WARN_64_TO_32_BIT_CONVERSION = YES;
				GCC_WARN_ABOUT_RETURN_TYPE = YES_ERROR;
				GCC_WARN_UNDECLARED_SELECTOR = YES;
				GCC_WARN_UNINITIALIZED_AUTOS = YES_AGGRESSIVE;
				GCC_WARN_UNUSED_FUNCTION = YES;
				GCC_WARN_UNUSED_VARIABLE = YES;
				IPHONEOS_DEPLOYMENT_TARGET = 11.4;
				MTL_ENABLE_DEBUG_INFO = YES;
				ONLY_ACTIVE_ARCH = YES;
				SDKROOT = iphoneos;
				SWIFT_ACTIVE_COMPILATION_CONDITIONS = DEBUG;
				SWIFT_OPTIMIZATION_LEVEL = "-Onone";
			};
			name = Debug;
		};
		F04F2F2C210B0D730052BB27 /* Release */ = {
			isa = XCBuildConfiguration;
			buildSettings = {
				ALWAYS_SEARCH_USER_PATHS = NO;
				CLANG_ANALYZER_NONNULL = YES;
				CLANG_ANALYZER_NUMBER_OBJECT_CONVERSION = YES_AGGRESSIVE;
				CLANG_CXX_LANGUAGE_STANDARD = "gnu++14";
				CLANG_CXX_LIBRARY = "libc++";
				CLANG_ENABLE_MODULES = YES;
				CLANG_ENABLE_OBJC_ARC = YES;
				CLANG_ENABLE_OBJC_WEAK = YES;
				CLANG_WARN_BLOCK_CAPTURE_AUTORELEASING = YES;
				CLANG_WARN_BOOL_CONVERSION = YES;
				CLANG_WARN_COMMA = YES;
				CLANG_WARN_CONSTANT_CONVERSION = YES;
				CLANG_WARN_DEPRECATED_OBJC_IMPLEMENTATIONS = YES;
				CLANG_WARN_DIRECT_OBJC_ISA_USAGE = YES_ERROR;
				CLANG_WARN_DOCUMENTATION_COMMENTS = YES;
				CLANG_WARN_EMPTY_BODY = YES;
				CLANG_WARN_ENUM_CONVERSION = YES;
				CLANG_WARN_INFINITE_RECURSION = YES;
				CLANG_WARN_INT_CONVERSION = YES;
				CLANG_WARN_NON_LITERAL_NULL_CONVERSION = YES;
				CLANG_WARN_OBJC_IMPLICIT_RETAIN_SELF = YES;
				CLANG_WARN_OBJC_LITERAL_CONVERSION = YES;
				CLANG_WARN_OBJC_ROOT_CLASS = YES_ERROR;
				CLANG_WARN_RANGE_LOOP_ANALYSIS = YES;
				CLANG_WARN_STRICT_PROTOTYPES = YES;
				CLANG_WARN_SUSPICIOUS_MOVE = YES;
				CLANG_WARN_UNGUARDED_AVAILABILITY = YES_AGGRESSIVE;
				CLANG_WARN_UNREACHABLE_CODE = YES;
				CLANG_WARN__DUPLICATE_METHOD_MATCH = YES;
				CODE_SIGN_IDENTITY = "iPhone Developer";
				COPY_PHASE_STRIP = NO;
				DEBUG_INFORMATION_FORMAT = "dwarf-with-dsym";
				ENABLE_NS_ASSERTIONS = NO;
				ENABLE_STRICT_OBJC_MSGSEND = YES;
				GCC_C_LANGUAGE_STANDARD = gnu11;
				GCC_NO_COMMON_BLOCKS = YES;
				GCC_WARN_64_TO_32_BIT_CONVERSION = YES;
				GCC_WARN_ABOUT_RETURN_TYPE = YES_ERROR;
				GCC_WARN_UNDECLARED_SELECTOR = YES;
				GCC_WARN_UNINITIALIZED_AUTOS = YES_AGGRESSIVE;
				GCC_WARN_UNUSED_FUNCTION = YES;
				GCC_WARN_UNUSED_VARIABLE = YES;
				IPHONEOS_DEPLOYMENT_TARGET = 11.4;
				MTL_ENABLE_DEBUG_INFO = NO;
				SDKROOT = iphoneos;
				SWIFT_COMPILATION_MODE = wholemodule;
				SWIFT_OPTIMIZATION_LEVEL = "-O";
				VALIDATE_PRODUCT = YES;
			};
			name = Release;
		};
		F04F2F2E210B0D730052BB27 /* Debug */ = {
			isa = XCBuildConfiguration;
			buildSettings = {
				ASSETCATALOG_COMPILER_APPICON_NAME = AppIcon;
				CLANG_ENABLE_MODULES = YES;
				CODE_SIGN_STYLE = Automatic;
				DEVELOPMENT_TEAM = PX6D282W7R;
				INFOPLIST_FILE = MijnEPDTest/Info.plist;
				LD_RUNPATH_SEARCH_PATHS = (
					"$(inherited)",
					"@executable_path/Frameworks",
				);
				PRODUCT_BUNDLE_IDENTIFIER = floorvanlieshout.MijnEPDTest;
				PRODUCT_NAME = "$(TARGET_NAME)";
				SWIFT_OBJC_BRIDGING_HEADER = "MijnEPDTest/MijnEPDTest-Bridging-Header.h";
				SWIFT_OPTIMIZATION_LEVEL = "-Onone";
				SWIFT_VERSION = 4.0;
				TARGETED_DEVICE_FAMILY = "1,2";
			};
			name = Debug;
		};
		F04F2F2F210B0D730052BB27 /* Release */ = {
			isa = XCBuildConfiguration;
			buildSettings = {
				ASSETCATALOG_COMPILER_APPICON_NAME = AppIcon;
				CLANG_ENABLE_MODULES = YES;
				CODE_SIGN_STYLE = Automatic;
				DEVELOPMENT_TEAM = PX6D282W7R;
				INFOPLIST_FILE = MijnEPDTest/Info.plist;
				LD_RUNPATH_SEARCH_PATHS = (
					"$(inherited)",
					"@executable_path/Frameworks",
				);
				PRODUCT_BUNDLE_IDENTIFIER = floorvanlieshout.MijnEPDTest;
				PRODUCT_NAME = "$(TARGET_NAME)";
				SWIFT_OBJC_BRIDGING_HEADER = "MijnEPDTest/MijnEPDTest-Bridging-Header.h";
				SWIFT_VERSION = 4.0;
				TARGETED_DEVICE_FAMILY = "1,2";
			};
			name = Release;
		};
		F04F2F31210B0D730052BB27 /* Debug */ = {
			isa = XCBuildConfiguration;
			buildSettings = {
				ALWAYS_EMBED_SWIFT_STANDARD_LIBRARIES = YES;
				BUNDLE_LOADER = "$(TEST_HOST)";
				CODE_SIGN_STYLE = Automatic;
				DEVELOPMENT_TEAM = PX6D282W7R;
				INFOPLIST_FILE = MijnEPDTestTests/Info.plist;
				LD_RUNPATH_SEARCH_PATHS = (
					"$(inherited)",
					"@executable_path/Frameworks",
					"@loader_path/Frameworks",
				);
				PRODUCT_BUNDLE_IDENTIFIER = floorvanlieshout.MijnEPDTestTests;
				PRODUCT_NAME = "$(TARGET_NAME)";
				SWIFT_VERSION = 4.0;
				TARGETED_DEVICE_FAMILY = "1,2";
				TEST_HOST = "$(BUILT_PRODUCTS_DIR)/MijnEPDTest.app/MijnEPDTest";
			};
			name = Debug;
		};
		F04F2F32210B0D730052BB27 /* Release */ = {
			isa = XCBuildConfiguration;
			buildSettings = {
				ALWAYS_EMBED_SWIFT_STANDARD_LIBRARIES = YES;
				BUNDLE_LOADER = "$(TEST_HOST)";
				CODE_SIGN_STYLE = Automatic;
				DEVELOPMENT_TEAM = PX6D282W7R;
				INFOPLIST_FILE = MijnEPDTestTests/Info.plist;
				LD_RUNPATH_SEARCH_PATHS = (
					"$(inherited)",
					"@executable_path/Frameworks",
					"@loader_path/Frameworks",
				);
				PRODUCT_BUNDLE_IDENTIFIER = floorvanlieshout.MijnEPDTestTests;
				PRODUCT_NAME = "$(TARGET_NAME)";
				SWIFT_VERSION = 4.0;
				TARGETED_DEVICE_FAMILY = "1,2";
				TEST_HOST = "$(BUILT_PRODUCTS_DIR)/MijnEPDTest.app/MijnEPDTest";
			};
			name = Release;
		};
		F04F2F34210B0D730052BB27 /* Debug */ = {
			isa = XCBuildConfiguration;
			buildSettings = {
				ALWAYS_EMBED_SWIFT_STANDARD_LIBRARIES = YES;
				CODE_SIGN_STYLE = Automatic;
				DEVELOPMENT_TEAM = PX6D282W7R;
				INFOPLIST_FILE = MijnEPDTestUITests/Info.plist;
				LD_RUNPATH_SEARCH_PATHS = (
					"$(inherited)",
					"@executable_path/Frameworks",
					"@loader_path/Frameworks",
				);
				PRODUCT_BUNDLE_IDENTIFIER = floorvanlieshout.MijnEPDTestUITests;
				PRODUCT_NAME = "$(TARGET_NAME)";
				SWIFT_VERSION = 4.0;
				TARGETED_DEVICE_FAMILY = "1,2";
				TEST_TARGET_NAME = MijnEPDTest;
			};
			name = Debug;
		};
		F04F2F35210B0D730052BB27 /* Release */ = {
			isa = XCBuildConfiguration;
			buildSettings = {
				ALWAYS_EMBED_SWIFT_STANDARD_LIBRARIES = YES;
				CODE_SIGN_STYLE = Automatic;
				DEVELOPMENT_TEAM = PX6D282W7R;
				INFOPLIST_FILE = MijnEPDTestUITests/Info.plist;
				LD_RUNPATH_SEARCH_PATHS = (
					"$(inherited)",
					"@executable_path/Frameworks",
					"@loader_path/Frameworks",
				);
				PRODUCT_BUNDLE_IDENTIFIER = floorvanlieshout.MijnEPDTestUITests;
				PRODUCT_NAME = "$(TARGET_NAME)";
				SWIFT_VERSION = 4.0;
				TARGETED_DEVICE_FAMILY = "1,2";
				TEST_TARGET_NAME = MijnEPDTest;
			};
			name = Release;
		};
/* End XCBuildConfiguration section */

/* Begin XCConfigurationList section */
		F04F2F00210B0D710052BB27 /* Build configuration list for PBXProject "MijnEPDTest" */ = {
			isa = XCConfigurationList;
			buildConfigurations = (
				F04F2F2B210B0D730052BB27 /* Debug */,
				F04F2F2C210B0D730052BB27 /* Release */,
			);
			defaultConfigurationIsVisible = 0;
			defaultConfigurationName = Release;
		};
		F04F2F2D210B0D730052BB27 /* Build configuration list for PBXNativeTarget "MijnEPDTest" */ = {
			isa = XCConfigurationList;
			buildConfigurations = (
				F04F2F2E210B0D730052BB27 /* Debug */,
				F04F2F2F210B0D730052BB27 /* Release */,
			);
			defaultConfigurationIsVisible = 0;
			defaultConfigurationName = Release;
		};
		F04F2F30210B0D730052BB27 /* Build configuration list for PBXNativeTarget "MijnEPDTestTests" */ = {
			isa = XCConfigurationList;
			buildConfigurations = (
				F04F2F31210B0D730052BB27 /* Debug */,
				F04F2F32210B0D730052BB27 /* Release */,
			);
			defaultConfigurationIsVisible = 0;
			defaultConfigurationName = Release;
		};
		F04F2F33210B0D730052BB27 /* Build configuration list for PBXNativeTarget "MijnEPDTestUITests" */ = {
			isa = XCConfigurationList;
			buildConfigurations = (
				F04F2F34210B0D730052BB27 /* Debug */,
				F04F2F35210B0D730052BB27 /* Release */,
			);
			defaultConfigurationIsVisible = 0;
			defaultConfigurationName = Release;
		};
/* End XCConfigurationList section */
	};
	rootObject = F04F2EFD210B0D710052BB27 /* Project object */;
}
